
Microsoft Visual Studio Solution File, Format Version 12.00
# Visual Studio Version 16
VisualStudioVersion = 16.0.31410.357
MinimumVisualStudioVersion = 10.0.40219.1
Project("{8BC9CEB8-8B4A-11D0-8D11-00A0C91BC942}") = "test_layer_convolution", "tests\test_layer_convolution.vcxproj", "{F1B17300-0846-4456-9B79-9B30ACADA3F6}"
EndProject
Project("{8BC9CEB8-8B4A-11D0-8D11-00A0C91BC942}") = "test_matrix", "tests\test_matrix.vcxproj", "{3E64F758-BD1B-42F0-B6F4-F6D1A382C83C}"
EndProject
Project("{8BC9CEB8-8B4A-11D0-8D11-00A0C91BC942}") = "sample_classification_CIFAR10", "samples\sample_classification_CIFAR10.vcxproj", "{39345D70-FA19-483B-97C6-334F817A5F62}"
EndProject
Project("{8BC9CEB8-8B4A-11D0-8D11-00A0C91BC942}") = "sample_classification_MNIST", "samples\sample_classification_MNIST.vcxproj", "{FFA09C74-BACD-4E79-9A61-96296AA38C51}"
EndProject
Project("{8BC9CEB8-8B4A-11D0-8D11-00A0C91BC942}") = "sample_classification_MNIST_allconvolutional", "samples\sample_classification_MNIST_allconvolutional.vcxproj", "{C810BFE4-BB10-41B6-9EA9-B6210DF9B504}"
EndProject
Project("{8BC9CEB8-8B4A-11D0-8D11-00A0C91BC942}") = "sample_classification_MNIST_poolmax2D", "samples\sample_classification_MNIST_poolmax2D.vcxproj", "{403A924B-3D94-4D3A-92FE-B06537C7DBB4}"
EndProject
Project("{8BC9CEB8-8B4A-11D0-8D11-00A0C91BC942}") = "sample_classification_xor", "samples\sample_classification_xor.vcxproj", "{769D3182-0048-417D-8E83-6BFECF8D3F1E}"
EndProject
Project("{8BC9CEB8-8B4A-11D0-8D11-00A0C91BC942}") = "sample_MetaOptimizer_MNIST", "samples\sample_MetaOptimizer_MNIST.vcxproj", "{619EC855-2EDB-40BA-B244-0E6345727D8D}"
EndProject
Project("{8BC9CEB8-8B4A-11D0-8D11-00A0C91BC942}") = "sample_regression_sin", "samples\sample_regression_sin.vcxproj", "{E6ED7C3E-C046-41EF-82C9-FD3792C43363}"
EndProject
Project("{8BC9CEB8-8B4A-11D0-8D11-00A0C91BC942}") = "sample_KMeans_MNIST", "samples\sample_KMeans_MNIST.vcxproj", "{030416AC-F266-4EFF-9E9B-5B3718DFBE4A}"
EndProject
Project("{8BC9CEB8-8B4A-11D0-8D11-00A0C91BC942}") = "test_matrix_GEMM", "tests\test_matrix_GEMM.vcxproj", "{AF9A8385-2B64-480C-92E2-DB44C92390FF}"
EndProject
Project("{8BC9CEB8-8B4A-11D0-8D11-00A0C91BC942}") = "sample_classification_MNIST_TimeSeries", "samples\sample_classification_MNIST_TimeSeries.vcxproj", "{499AB42E-3646-4824-B6AC-778E39558370}"
EndProject
Global
	GlobalSection(SolutionConfigurationPlatforms) = preSolution
		Debug|x64 = Debug|x64
		Debug|x86 = Debug|x86
		Release|x64 = Release|x64
		Release|x86 = Release|x86
	EndGlobalSection
	GlobalSection(ProjectConfigurationPlatforms) = postSolution
		{F1B17300-0846-4456-9B79-9B30ACADA3F6}.Debug|x64.ActiveCfg = Debug|x64
		{F1B17300-0846-4456-9B79-9B30ACADA3F6}.Debug|x64.Build.0 = Debug|x64
		{F1B17300-0846-4456-9B79-9B30ACADA3F6}.Debug|x86.ActiveCfg = Debug|Win32
		{F1B17300-0846-4456-9B79-9B30ACADA3F6}.Debug|x86.Build.0 = Debug|Win32
		{F1B17300-0846-4456-9B79-9B30ACADA3F6}.Release|x64.ActiveCfg = Release|x64
		{F1B17300-0846-4456-9B79-9B30ACADA3F6}.Release|x64.Build.0 = Release|x64
		{F1B17300-0846-4456-9B79-9B30ACADA3F6}.Release|x86.ActiveCfg = Release|Win32
		{F1B17300-0846-4456-9B79-9B30ACADA3F6}.Release|x86.Build.0 = Release|Win32
		{3E64F758-BD1B-42F0-B6F4-F6D1A382C83C}.Debug|x64.ActiveCfg = Debug|x64
		{3E64F758-BD1B-42F0-B6F4-F6D1A382C83C}.Debug|x64.Build.0 = Debug|x64
		{3E64F758-BD1B-42F0-B6F4-F6D1A382C83C}.Debug|x86.ActiveCfg = Debug|Win32
		{3E64F758-BD1B-42F0-B6F4-F6D1A382C83C}.Debug|x86.Build.0 = Debug|Win32
		{3E64F758-BD1B-42F0-B6F4-F6D1A382C83C}.Release|x64.ActiveCfg = Release|x64
		{3E64F758-BD1B-42F0-B6F4-F6D1A382C83C}.Release|x64.Build.0 = Release|x64
		{3E64F758-BD1B-42F0-B6F4-F6D1A382C83C}.Release|x86.ActiveCfg = Release|Win32
		{3E64F758-BD1B-42F0-B6F4-F6D1A382C83C}.Release|x86.Build.0 = Release|Win32
		{39345D70-FA19-483B-97C6-334F817A5F62}.Debug|x64.ActiveCfg = Debug|x64
		{39345D70-FA19-483B-97C6-334F817A5F62}.Debug|x64.Build.0 = Debug|x64
		{39345D70-FA19-483B-97C6-334F817A5F62}.Debug|x86.ActiveCfg = Debug|Win32
		{39345D70-FA19-483B-97C6-334F817A5F62}.Debug|x86.Build.0 = Debug|Win32
		{39345D70-FA19-483B-97C6-334F817A5F62}.Release|x64.ActiveCfg = Release|x64
		{39345D70-FA19-483B-97C6-334F817A5F62}.Release|x64.Build.0 = Release|x64
		{39345D70-FA19-483B-97C6-334F817A5F62}.Release|x86.ActiveCfg = Release|Win32
		{39345D70-FA19-483B-97C6-334F817A5F62}.Release|x86.Build.0 = Release|Win32
		{FFA09C74-BACD-4E79-9A61-96296AA38C51}.Debug|x64.ActiveCfg = Debug|x64
		{FFA09C74-BACD-4E79-9A61-96296AA38C51}.Debug|x64.Build.0 = Debug|x64
		{FFA09C74-BACD-4E79-9A61-96296AA38C51}.Debug|x86.ActiveCfg = Debug|Win32
		{FFA09C74-BACD-4E79-9A61-96296AA38C51}.Debug|x86.Build.0 = Debug|Win32
		{FFA09C74-BACD-4E79-9A61-96296AA38C51}.Release|x64.ActiveCfg = Release|x64
		{FFA09C74-BACD-4E79-9A61-96296AA38C51}.Release|x64.Build.0 = Release|x64
		{FFA09C74-BACD-4E79-9A61-96296AA38C51}.Release|x86.ActiveCfg = Release|Win32
		{FFA09C74-BACD-4E79-9A61-96296AA38C51}.Release|x86.Build.0 = Release|Win32
		{C810BFE4-BB10-41B6-9EA9-B6210DF9B504}.Debug|x64.ActiveCfg = Debug|x64
		{C810BFE4-BB10-41B6-9EA9-B6210DF9B504}.Debug|x64.Build.0 = Debug|x64
		{C810BFE4-BB10-41B6-9EA9-B6210DF9B504}.Debug|x86.ActiveCfg = Debug|Win32
		{C810BFE4-BB10-41B6-9EA9-B6210DF9B504}.Debug|x86.Build.0 = Debug|Win32
		{C810BFE4-BB10-41B6-9EA9-B6210DF9B504}.Release|x64.ActiveCfg = Release|x64
		{C810BFE4-BB10-41B6-9EA9-B6210DF9B504}.Release|x64.Build.0 = Release|x64
		{C810BFE4-BB10-41B6-9EA9-B6210DF9B504}.Release|x86.ActiveCfg = Release|Win32
		{C810BFE4-BB10-41B6-9EA9-B6210DF9B504}.Release|x86.Build.0 = Release|Win32
		{403A924B-3D94-4D3A-92FE-B06537C7DBB4}.Debug|x64.ActiveCfg = Debug|x64
		{403A924B-3D94-4D3A-92FE-B06537C7DBB4}.Debug|x64.Build.0 = Debug|x64
		{403A924B-3D94-4D3A-92FE-B06537C7DBB4}.Debug|x86.ActiveCfg = Debug|Win32
		{403A924B-3D94-4D3A-92FE-B06537C7DBB4}.Debug|x86.Build.0 = Debug|Win32
		{403A924B-3D94-4D3A-92FE-B06537C7DBB4}.Release|x64.ActiveCfg = Release|x64
		{403A924B-3D94-4D3A-92FE-B06537C7DBB4}.Release|x64.Build.0 = Release|x64
		{403A924B-3D94-4D3A-92FE-B06537C7DBB4}.Release|x86.ActiveCfg = Release|Win32
		{403A924B-3D94-4D3A-92FE-B06537C7DBB4}.Release|x86.Build.0 = Release|Win32
		{769D3182-0048-417D-8E83-6BFECF8D3F1E}.Debug|x64.ActiveCfg = Debug|x64
		{769D3182-0048-417D-8E83-6BFECF8D3F1E}.Debug|x64.Build.0 = Debug|x64
		{769D3182-0048-417D-8E83-6BFECF8D3F1E}.Debug|x86.ActiveCfg = Debug|Win32
		{769D3182-0048-417D-8E83-6BFECF8D3F1E}.Debug|x86.Build.0 = Debug|Win32
		{769D3182-0048-417D-8E83-6BFECF8D3F1E}.Release|x64.ActiveCfg = Release|x64
		{769D3182-0048-417D-8E83-6BFECF8D3F1E}.Release|x64.Build.0 = Release|x64
		{769D3182-0048-417D-8E83-6BFECF8D3F1E}.Release|x86.ActiveCfg = Release|Win32
		{769D3182-0048-417D-8E83-6BFECF8D3F1E}.Release|x86.Build.0 = Release|Win32
		{619EC855-2EDB-40BA-B244-0E6345727D8D}.Debug|x64.ActiveCfg = Debug|x64
		{619EC855-2EDB-40BA-B244-0E6345727D8D}.Debug|x64.Build.0 = Debug|x64
		{619EC855-2EDB-40BA-B244-0E6345727D8D}.Debug|x86.ActiveCfg = Debug|Win32
		{619EC855-2EDB-40BA-B244-0E6345727D8D}.Debug|x86.Build.0 = Debug|Win32
		{619EC855-2EDB-40BA-B244-0E6345727D8D}.Release|x64.ActiveCfg = Release|x64
		{619EC855-2EDB-40BA-B244-0E6345727D8D}.Release|x64.Build.0 = Release|x64
		{619EC855-2EDB-40BA-B244-0E6345727D8D}.Release|x86.ActiveCfg = Release|Win32
		{619EC855-2EDB-40BA-B244-0E6345727D8D}.Release|x86.Build.0 = Release|Win32
		{E6ED7C3E-C046-41EF-82C9-FD3792C43363}.Debug|x64.ActiveCfg = Debug|x64
		{E6ED7C3E-C046-41EF-82C9-FD3792C43363}.Debug|x64.Build.0 = Debug|x64
		{E6ED7C3E-C046-41EF-82C9-FD3792C43363}.Debug|x86.ActiveCfg = Debug|Win32
		{E6ED7C3E-C046-41EF-82C9-FD3792C43363}.Debug|x86.Build.0 = Debug|Win32
		{E6ED7C3E-C046-41EF-82C9-FD3792C43363}.Release|x64.ActiveCfg = Release|x64
		{E6ED7C3E-C046-41EF-82C9-FD3792C43363}.Release|x64.Build.0 = Release|x64
		{E6ED7C3E-C046-41EF-82C9-FD3792C43363}.Release|x86.ActiveCfg = Release|Win32
		{E6ED7C3E-C046-41EF-82C9-FD3792C43363}.Release|x86.Build.0 = Release|Win32
		{030416AC-F266-4EFF-9E9B-5B3718DFBE4A}.Debug|x64.ActiveCfg = Debug|x64
		{030416AC-F266-4EFF-9E9B-5B3718DFBE4A}.Debug|x64.Build.0 = Debug|x64
		{030416AC-F266-4EFF-9E9B-5B3718DFBE4A}.Debug|x86.ActiveCfg = Debug|Win32
		{030416AC-F266-4EFF-9E9B-5B3718DFBE4A}.Debug|x86.Build.0 = Debug|Win32
		{030416AC-F266-4EFF-9E9B-5B3718DFBE4A}.Release|x64.ActiveCfg = Release|x64
		{030416AC-F266-4EFF-9E9B-5B3718DFBE4A}.Release|x64.Build.0 = Release|x64
		{030416AC-F266-4EFF-9E9B-5B3718DFBE4A}.Release|x86.ActiveCfg = Release|Win32
		{030416AC-F266-4EFF-9E9B-5B3718DFBE4A}.Release|x86.Build.0 = Release|Win32
		{AF9A8385-2B64-480C-92E2-DB44C92390FF}.Debug|x64.ActiveCfg = Debug|x64
		{AF9A8385-2B64-480C-92E2-DB44C92390FF}.Debug|x64.Build.0 = Debug|x64
		{AF9A8385-2B64-480C-92E2-DB44C92390FF}.Debug|x86.ActiveCfg = Debug|Win32
		{AF9A8385-2B64-480C-92E2-DB44C92390FF}.Debug|x86.Build.0 = Debug|Win32
		{AF9A8385-2B64-480C-92E2-DB44C92390FF}.Release|x64.ActiveCfg = Release|x64
		{AF9A8385-2B64-480C-92E2-DB44C92390FF}.Release|x64.Build.0 = Release|x64
		{AF9A8385-2B64-480C-92E2-DB44C92390FF}.Release|x86.ActiveCfg = Release|Win32
		{AF9A8385-2B64-480C-92E2-DB44C92390FF}.Release|x86.Build.0 = Release|Win32
		{499AB42E-3646-4824-B6AC-778E39558370}.Debug|x64.ActiveCfg = Debug|x64
		{499AB42E-3646-4824-B6AC-778E39558370}.Debug|x64.Build.0 = Debug|x64
		{499AB42E-3646-4824-B6AC-778E39558370}.Debug|x86.ActiveCfg = Debug|Win32
		{499AB42E-3646-4824-B6AC-778E39558370}.Debug|x86.Build.0 = Debug|Win32
		{499AB42E-3646-4824-B6AC-778E39558370}.Release|x64.ActiveCfg = Release|x64
		{499AB42E-3646-4824-B6AC-778E39558370}.Release|x64.Build.0 = Release|x64
		{499AB42E-3646-4824-B6AC-778E39558370}.Release|x86.ActiveCfg = Release|Win32
		{499AB42E-3646-4824-B6AC-778E39558370}.Release|x86.Build.0 = Release|Win32
	EndGlobalSection
	GlobalSection(SolutionProperties) = preSolution
		HideSolutionNode = FALSE
	EndGlobalSection
	GlobalSection(ExtensibilityGlobals) = postSolution
		SolutionGuid = {0440F7DA-62DC-437D-907B-C93A5D58A6A9}
	EndGlobalSection
EndGlobal
