
Microsoft Visual Studio Solution File, Format Version 12.00
# Visual Studio 15
VisualStudioVersion = 15.0.28307.572
MinimumVisualStudioVersion = 10.0.40219.1
Project("{8BC9CEB8-8B4A-11D0-8D11-00A0C91BC942}") = "sample_classification_MNIST", "sample_code\sample_classification_MNIST.vcxproj", "{FFA09C74-BACD-4E79-9A61-96296AA38C51}"
EndProject
Project("{8BC9CEB8-8B4A-11D0-8D11-00A0C91BC942}") = "sample_classification_xor", "sample_code\sample_classification_xor.vcxproj", "{769D3182-0048-417D-8E83-6BFECF8D3F1E}"
EndProject
Project("{8BC9CEB8-8B4A-11D0-8D11-00A0C91BC942}") = "sample_regression_sin", "sample_code\sample_regression_sin.vcxproj", "{E6ED7C3E-C046-41EF-82C9-FD3792C43363}"
EndProject
Project("{8BC9CEB8-8B4A-11D0-8D11-00A0C91BC942}") = "sample_MetaOptimizer_MNIST", "sample_code\sample_MetaOptimizer_MNIST.vcxproj", "{619EC855-2EDB-40BA-B244-0E6345727D8D}"
EndProject
Project("{8BC9CEB8-8B4A-11D0-8D11-00A0C91BC942}") = "DNNLab_qwt", "DNNLab\DNNLab_qwt.vcxproj", "{1A46F9A0-A07F-4758-94AF-B6D02C5C9781}"
EndProject
Global
	GlobalSection(SolutionConfigurationPlatforms) = preSolution
		Debug|x64 = Debug|x64
		Debug|x86 = Debug|x86
		Release|x64 = Release|x64
		Release|x86 = Release|x86
	EndGlobalSection
	GlobalSection(ProjectConfigurationPlatforms) = postSolution
		{FFA09C74-BACD-4E79-9A61-96296AA38C51}.Debug|x64.ActiveCfg = Debug|x64
		{FFA09C74-BACD-4E79-9A61-96296AA38C51}.Debug|x64.Build.0 = Debug|x64
		{FFA09C74-BACD-4E79-9A61-96296AA38C51}.Debug|x86.ActiveCfg = Debug|Win32
		{FFA09C74-BACD-4E79-9A61-96296AA38C51}.Debug|x86.Build.0 = Debug|Win32
		{FFA09C74-BACD-4E79-9A61-96296AA38C51}.Release|x64.ActiveCfg = Release|x64
		{FFA09C74-BACD-4E79-9A61-96296AA38C51}.Release|x64.Build.0 = Release|x64
		{FFA09C74-BACD-4E79-9A61-96296AA38C51}.Release|x86.ActiveCfg = Release|Win32
		{FFA09C74-BACD-4E79-9A61-96296AA38C51}.Release|x86.Build.0 = Release|Win32
		{769D3182-0048-417D-8E83-6BFECF8D3F1E}.Debug|x64.ActiveCfg = Debug|x64
		{769D3182-0048-417D-8E83-6BFECF8D3F1E}.Debug|x64.Build.0 = Debug|x64
		{769D3182-0048-417D-8E83-6BFECF8D3F1E}.Debug|x86.ActiveCfg = Debug|Win32
		{769D3182-0048-417D-8E83-6BFECF8D3F1E}.Debug|x86.Build.0 = Debug|Win32
		{769D3182-0048-417D-8E83-6BFECF8D3F1E}.Release|x64.ActiveCfg = Release|x64
		{769D3182-0048-417D-8E83-6BFECF8D3F1E}.Release|x64.Build.0 = Release|x64
		{769D3182-0048-417D-8E83-6BFECF8D3F1E}.Release|x86.ActiveCfg = Release|Win32
		{769D3182-0048-417D-8E83-6BFECF8D3F1E}.Release|x86.Build.0 = Release|Win32
		{E6ED7C3E-C046-41EF-82C9-FD3792C43363}.Debug|x64.ActiveCfg = Debug|x64
		{E6ED7C3E-C046-41EF-82C9-FD3792C43363}.Debug|x64.Build.0 = Debug|x64
		{E6ED7C3E-C046-41EF-82C9-FD3792C43363}.Debug|x86.ActiveCfg = Debug|Win32
		{E6ED7C3E-C046-41EF-82C9-FD3792C43363}.Debug|x86.Build.0 = Debug|Win32
		{E6ED7C3E-C046-41EF-82C9-FD3792C43363}.Release|x64.ActiveCfg = Release|x64
		{E6ED7C3E-C046-41EF-82C9-FD3792C43363}.Release|x64.Build.0 = Release|x64
		{E6ED7C3E-C046-41EF-82C9-FD3792C43363}.Release|x86.ActiveCfg = Release|Win32
		{E6ED7C3E-C046-41EF-82C9-FD3792C43363}.Release|x86.Build.0 = Release|Win32
		{619EC855-2EDB-40BA-B244-0E6345727D8D}.Debug|x64.ActiveCfg = Debug|x64
		{619EC855-2EDB-40BA-B244-0E6345727D8D}.Debug|x64.Build.0 = Debug|x64
		{619EC855-2EDB-40BA-B244-0E6345727D8D}.Debug|x86.ActiveCfg = Debug|Win32
		{619EC855-2EDB-40BA-B244-0E6345727D8D}.Debug|x86.Build.0 = Debug|Win32
		{619EC855-2EDB-40BA-B244-0E6345727D8D}.Release|x64.ActiveCfg = Release|x64
		{619EC855-2EDB-40BA-B244-0E6345727D8D}.Release|x64.Build.0 = Release|x64
		{619EC855-2EDB-40BA-B244-0E6345727D8D}.Release|x86.ActiveCfg = Release|Win32
		{619EC855-2EDB-40BA-B244-0E6345727D8D}.Release|x86.Build.0 = Release|Win32
		{1A46F9A0-A07F-4758-94AF-B6D02C5C9781}.Debug|x64.ActiveCfg = Debug|x64
		{1A46F9A0-A07F-4758-94AF-B6D02C5C9781}.Debug|x64.Build.0 = Debug|x64
		{1A46F9A0-A07F-4758-94AF-B6D02C5C9781}.Debug|x86.ActiveCfg = Debug|x64
		{1A46F9A0-A07F-4758-94AF-B6D02C5C9781}.Release|x64.ActiveCfg = Release|x64
		{1A46F9A0-A07F-4758-94AF-B6D02C5C9781}.Release|x64.Build.0 = Release|x64
		{1A46F9A0-A07F-4758-94AF-B6D02C5C9781}.Release|x86.ActiveCfg = Release|x64
	EndGlobalSection
	GlobalSection(SolutionProperties) = preSolution
		HideSolutionNode = FALSE
	EndGlobalSection
	GlobalSection(ExtensibilityGlobals) = postSolution
		SolutionGuid = {0440F7DA-62DC-437D-907B-C93A5D58A6A9}
	EndGlobalSection
EndGlobal
